{
	"name": "ioversal-vertex",
	"version": "0.0.2",
	"lockfileVersion": 3,
	"requires": true,
	"packages": {
		"": {
			"name": "ioversal-vertex",
			"version": "0.0.2",
			"license": "MIT",
			"dependencies": {
				"@companion-module/base": "~1.4.1"
			}
		},
		"node_modules/@companion-module/base": {
			"version": "1.4.3",
			"resolved": "https://registry.npmjs.org/@companion-module/base/-/base-1.4.3.tgz",
			"integrity": "sha512-bIcJ75idsdILW5/sd1HoX0HkIRcwMyMZ2nccj/I2xJMDnn93Rz54aQ9zn3ZePvqP+H1N/x45VWC1IHMVzReT7Q==",
			"dependencies": {
				"@sentry/node": "^7.63.0",
				"@sentry/tracing": "^7.63.0",
				"ajv": "^8.12.0",
				"ejson": "^2.2.3",
				"eventemitter3": "^4.0.7",
				"mimic-fn": "^3.0.0",
				"nanoid": "^3.3.4",
				"p-queue": "^6.6.2",
				"p-timeout": "^4.1.0",
				"tslib": "^2.6.1"
			},
			"engines": {
				"node": "^18.12"
			}
		},
		"node_modules/@sentry-internal/tracing": {
			"version": "7.74.1",
			"resolved": "https://registry.npmjs.org/@sentry-internal/tracing/-/tracing-7.74.1.tgz",
			"integrity": "sha512-nNaiZreQxCitG2PzYPaC7XtyA9OMsETGYMKAtiK4p62/uTmeYbsBva9BoNx1XeiHRwbrVQYRMKQ9nV5e2jS4/A==",
			"dependencies": {
				"@sentry/core": "7.74.1",
				"@sentry/types": "7.74.1",
				"@sentry/utils": "7.74.1",
				"tslib": "^2.4.1 || ^1.9.3"
			},
			"engines": {
				"node": ">=8"
			}
		},
		"node_modules/@sentry/core": {
			"version": "7.74.1",
			"resolved": "https://registry.npmjs.org/@sentry/core/-/core-7.74.1.tgz",
			"integrity": "sha512-LvEhOSfdIvwkr+PdlrT/aA/iOLhkXrSkvjqAQyogE4ddCWeYfS0NoirxNt1EaxMBAWKhYZRqzkA7WA4LDLbzlA==",
			"dependencies": {
				"@sentry/types": "7.74.1",
				"@sentry/utils": "7.74.1",
				"tslib": "^2.4.1 || ^1.9.3"
			},
			"engines": {
				"node": ">=8"
			}
		},
		"node_modules/@sentry/node": {
			"version": "7.74.1",
			"resolved": "https://registry.npmjs.org/@sentry/node/-/node-7.74.1.tgz",
			"integrity": "sha512-aMUQ2LFZF64FBr+cgjAqjT4OkpYBIC9lyWI8QqjEHqNho5+LGu18/iVrJPD4fgs4UhGdCuAiQjpC36MbmnIDZA==",
			"dependencies": {
				"@sentry-internal/tracing": "7.74.1",
				"@sentry/core": "7.74.1",
				"@sentry/types": "7.74.1",
				"@sentry/utils": "7.74.1",
				"cookie": "^0.5.0",
				"https-proxy-agent": "^5.0.0",
				"lru_map": "^0.3.3",
				"tslib": "^2.4.1 || ^1.9.3"
			},
			"engines": {
				"node": ">=8"
			}
		},
		"node_modules/@sentry/tracing": {
			"version": "7.74.1",
			"resolved": "https://registry.npmjs.org/@sentry/tracing/-/tracing-7.74.1.tgz",
			"integrity": "sha512-YqhLMY28uukOR8FtoCMvzdzBYkTtwj/JHUensDEpTZG5OoQTjrcgttpL+WMaCBUy1MpOIo7FyLB5aoRq2U7AIA==",
			"dependencies": {
				"@sentry-internal/tracing": "7.74.1"
			},
			"engines": {
				"node": ">=8"
			}
		},
		"node_modules/@sentry/types": {
			"version": "7.74.1",
			"resolved": "https://registry.npmjs.org/@sentry/types/-/types-7.74.1.tgz",
			"integrity": "sha512-2jIuPc+YKvXqZETwr2E8VYnsH1zsSUR/wkIvg1uTVeVNyoowJv+YsOtCdeGyL2AwiotUBSPKu7O1Lz0kq5rMOQ==",
			"engines": {
				"node": ">=8"
			}
		},
		"node_modules/@sentry/utils": {
			"version": "7.74.1",
			"resolved": "https://registry.npmjs.org/@sentry/utils/-/utils-7.74.1.tgz",
			"integrity": "sha512-qUsqufuHYcy5gFhLZslLxA5kcEOkkODITXW3c7D+x+8iP/AJqa8v8CeUCVNS7RetHCuIeWAbbTClC4c411EwQg==",
			"dependencies": {
				"@sentry/types": "7.74.1",
				"tslib": "^2.4.1 || ^1.9.3"
			},
			"engines": {
				"node": ">=8"
			}
		},
		"node_modules/agent-base": {
			"version": "6.0.2",
			"resolved": "https://registry.npmjs.org/agent-base/-/agent-base-6.0.2.tgz",
			"integrity": "sha512-RZNwNclF7+MS/8bDg70amg32dyeZGZxiDuQmZxKLAlQjr3jGyLx+4Kkk58UO7D2QdgFIQCovuSuZESne6RG6XQ==",
			"dependencies": {
				"debug": "4"
			},
			"engines": {
				"node": ">= 6.0.0"
			}
		},
		"node_modules/ajv": {
			"version": "8.12.0",
			"resolved": "https://registry.npmjs.org/ajv/-/ajv-8.12.0.tgz",
			"integrity": "sha512-sRu1kpcO9yLtYxBKvqfTeh9KzZEwO3STyX1HT+4CaDzC6HpTGYhIhPIzj9XuKU7KYDwnaeh5hcOwjy1QuJzBPA==",
			"dependencies": {
				"fast-deep-equal": "^3.1.1",
				"json-schema-traverse": "^1.0.0",
				"require-from-string": "^2.0.2",
				"uri-js": "^4.2.2"
			},
			"funding": {
				"type": "github",
				"url": "https://github.com/sponsors/epoberezkin"
			}
		},
		"node_modules/cookie": {
			"version": "0.5.0",
			"resolved": "https://registry.npmjs.org/cookie/-/cookie-0.5.0.tgz",
			"integrity": "sha512-YZ3GUyn/o8gfKJlnlX7g7xq4gyO6OSuhGPKaaGssGB2qgDUS0gPgtTvoyZLTt9Ab6dC4hfc9dV5arkvc/OCmrw==",
			"engines": {
				"node": ">= 0.6"
			}
		},
		"node_modules/debug": {
			"version": "4.3.4",
			"resolved": "https://registry.npmjs.org/debug/-/debug-4.3.4.tgz",
			"integrity": "sha512-PRWFHuSU3eDtQJPvnNY7Jcket1j0t5OuOsFzPPzsekD52Zl8qUfFIPEiswXqIvHWGVHOgX+7G/vCNNhehwxfkQ==",
			"dependencies": {
				"ms": "2.1.2"
			},
			"engines": {
				"node": ">=6.0"
			},
			"peerDependenciesMeta": {
				"supports-color": {
					"optional": true
				}
			}
		},
		"node_modules/ejson": {
			"version": "2.2.3",
			"resolved": "https://registry.npmjs.org/ejson/-/ejson-2.2.3.tgz",
			"integrity": "sha512-hsFvJp6OpGxFRQfBR3PSxFpaPALdHDY+SB3TRbMpLWNhvu8GzLiZutof5+/DFd2QekZo3KyXau75ngdJqQUSrw=="
		},
		"node_modules/eventemitter3": {
			"version": "4.0.7",
			"resolved": "https://registry.npmjs.org/eventemitter3/-/eventemitter3-4.0.7.tgz",
			"integrity": "sha512-8guHBZCwKnFhYdHr2ysuRWErTwhoN2X8XELRlrRwpmfeY2jjuUN4taQMsULKUVo1K4DvZl+0pgfyoysHxvmvEw=="
		},
		"node_modules/fast-deep-equal": {
			"version": "3.1.3",
			"resolved": "https://registry.npmjs.org/fast-deep-equal/-/fast-deep-equal-3.1.3.tgz",
			"integrity": "sha512-f3qQ9oQy9j2AhBe/H9VC91wLmKBCCU/gDOnKNAYG5hswO7BLKj09Hc5HYNz9cGI++xlpDCIgDaitVs03ATR84Q=="
		},
		"node_modules/https-proxy-agent": {
			"version": "5.0.1",
			"resolved": "https://registry.npmjs.org/https-proxy-agent/-/https-proxy-agent-5.0.1.tgz",
			"integrity": "sha512-dFcAjpTQFgoLMzC2VwU+C/CbS7uRL0lWmxDITmqm7C+7F0Odmj6s9l6alZc6AELXhrnggM2CeWSXHGOdX2YtwA==",
			"dependencies": {
				"agent-base": "6",
				"debug": "4"
			},
			"engines": {
				"node": ">= 6"
			}
		},
		"node_modules/json-schema-traverse": {
			"version": "1.0.0",
			"resolved": "https://registry.npmjs.org/json-schema-traverse/-/json-schema-traverse-1.0.0.tgz",
			"integrity": "sha512-NM8/P9n3XjXhIZn1lLhkFaACTOURQXjWhV4BA/RnOv8xvgqtqpAX9IO4mRQxSx1Rlo4tqzeqb0sOlruaOy3dug=="
		},
		"node_modules/lru_map": {
			"version": "0.3.3",
			"resolved": "https://registry.npmjs.org/lru_map/-/lru_map-0.3.3.tgz",
			"integrity": "sha512-Pn9cox5CsMYngeDbmChANltQl+5pi6XmTrraMSzhPmMBbmgcxmqWry0U3PGapCU1yB4/LqCcom7qhHZiF/jGfQ=="
		},
		"node_modules/mimic-fn": {
			"version": "3.1.0",
			"resolved": "https://registry.npmjs.org/mimic-fn/-/mimic-fn-3.1.0.tgz",
			"integrity": "sha512-Ysbi9uYW9hFyfrThdDEQuykN4Ey6BuwPD2kpI5ES/nFTDn/98yxYNLZJcgUAKPT/mcrLLKaGzJR9YVxJrIdASQ==",
			"engines": {
				"node": ">=8"
			}
		},
		"node_modules/ms": {
			"version": "2.1.2",
			"resolved": "https://registry.npmjs.org/ms/-/ms-2.1.2.tgz",
			"integrity": "sha512-sGkPx+VjMtmA6MX27oA4FBFELFCZZ4S4XqeGOXCv68tT+jb3vk/RyaKWP0PTKyWtmLSM0b+adUTEvbs1PEaH2w=="
		},
		"node_modules/nanoid": {
			"version": "3.3.6",
			"resolved": "https://registry.npmjs.org/nanoid/-/nanoid-3.3.6.tgz",
			"integrity": "sha512-BGcqMMJuToF7i1rt+2PWSNVnWIkGCU78jBG3RxO/bZlnZPK2Cmi2QaffxGO/2RvWi9sL+FAiRiXMgsyxQ1DIDA==",
			"funding": [
				{
					"type": "github",
					"url": "https://github.com/sponsors/ai"
				}
			],
			"bin": {
				"nanoid": "bin/nanoid.cjs"
			},
			"engines": {
				"node": "^10 || ^12 || ^13.7 || ^14 || >=15.0.1"
			}
		},
		"node_modules/p-finally": {
			"version": "1.0.0",
			"resolved": "https://registry.npmjs.org/p-finally/-/p-finally-1.0.0.tgz",
			"integrity": "sha512-LICb2p9CB7FS+0eR1oqWnHhp0FljGLZCWBE9aix0Uye9W8LTQPwMTYVGWQWIw9RdQiDg4+epXQODwIYJtSJaow==",
			"engines": {
				"node": ">=4"
			}
		},
		"node_modules/p-queue": {
			"version": "6.6.2",
			"resolved": "https://registry.npmjs.org/p-queue/-/p-queue-6.6.2.tgz",
			"integrity": "sha512-RwFpb72c/BhQLEXIZ5K2e+AhgNVmIejGlTgiB9MzZ0e93GRvqZ7uSi0dvRF7/XIXDeNkra2fNHBxTyPDGySpjQ==",
			"dependencies": {
				"eventemitter3": "^4.0.4",
				"p-timeout": "^3.2.0"
			},
			"engines": {
				"node": ">=8"
			},
			"funding": {
				"url": "https://github.com/sponsors/sindresorhus"
			}
		},
		"node_modules/p-queue/node_modules/p-timeout": {
			"version": "3.2.0",
			"resolved": "https://registry.npmjs.org/p-timeout/-/p-timeout-3.2.0.tgz",
			"integrity": "sha512-rhIwUycgwwKcP9yTOOFK/AKsAopjjCakVqLHePO3CC6Mir1Z99xT+R63jZxAT5lFZLa2inS5h+ZS2GvR99/FBg==",
			"dependencies": {
				"p-finally": "^1.0.0"
			},
			"engines": {
				"node": ">=8"
			}
		},
		"node_modules/p-timeout": {
			"version": "4.1.0",
			"resolved": "https://registry.npmjs.org/p-timeout/-/p-timeout-4.1.0.tgz",
			"integrity": "sha512-+/wmHtzJuWii1sXn3HCuH/FTwGhrp4tmJTxSKJbfS+vkipci6osxXM5mY0jUiRzWKMTgUT8l7HFbeSwZAynqHw==",
			"engines": {
				"node": ">=10"
			}
		},
		"node_modules/punycode": {
			"version": "2.3.0",
			"resolved": "https://registry.npmjs.org/punycode/-/punycode-2.3.0.tgz",
			"integrity": "sha512-rRV+zQD8tVFys26lAGR9WUuS4iUAngJScM+ZRSKtvl5tKeZ2t5bvdNFdNHBW9FWR4guGHlgmsZ1G7BSm2wTbuA==",
			"engines": {
				"node": ">=6"
			}
		},
		"node_modules/require-from-string": {
			"version": "2.0.2",
			"resolved": "https://registry.npmjs.org/require-from-string/-/require-from-string-2.0.2.tgz",
			"integrity": "sha512-Xf0nWe6RseziFMu+Ap9biiUbmplq6S9/p+7w7YXP/JBHhrUDDUhwa+vANyubuqfZWTveU//DYVGsDG7RKL/vEw==",
			"engines": {
				"node": ">=0.10.0"
			}
		},
		"node_modules/tslib": {
			"version": "2.6.2",
			"resolved": "https://registry.npmjs.org/tslib/-/tslib-2.6.2.tgz",
			"integrity": "sha512-AEYxH93jGFPn/a2iVAwW87VuUIkR1FVUKB77NwMF7nBTDkDrrT/Hpt/IrCJ0QXhW27jTBDcf5ZY7w6RiqTMw2Q=="
		},
		"node_modules/uri-js": {
			"version": "4.4.1",
			"resolved": "https://registry.npmjs.org/uri-js/-/uri-js-4.4.1.tgz",
			"integrity": "sha512-7rKUyy33Q1yc98pQ1DAmLtwX109F7TIfWlW1Ydo8Wl1ii1SeHieeh0HHfPeL2fMXK6z0s8ecKs9frCuLJvndBg==",
			"dependencies": {
				"punycode": "^2.1.0"
			}
		}
	}
}
